
Microsoft Visual Studio Solution File, Format Version 12.00
# Visual Studio Version 17
VisualStudioVersion = 17.5.002.0
MinimumVisualStudioVersion = 10.0.40219.1
Project("{2150E333-8FDC-42A3-9474-1A3956D46DE8}") = "csharp-prep", "csharp-prep", "{8850C61E-FEEB-4F16-A676-4F14C333CF22}"
EndProject
Project("{9A19103F-16F7-4668-BE54-9A1E7A4F7556}") = "Prep1", "csharp-prep\Prep1\Prep1.csproj", "{6E99C467-225C-44B3-8895-F12A96C2D354}"
EndProject
Project("{9A19103F-16F7-4668-BE54-9A1E7A4F7556}") = "Prep2", "csharp-prep\Prep2\Prep2.csproj", "{56ABABA0-C576-47C7-BFB9-2BA322524F6D}"
EndProject
Project("{9A19103F-16F7-4668-BE54-9A1E7A4F7556}") = "Prep3", "csharp-prep\Prep3\Prep3.csproj", "{C3CA6078-82B4-448D-AC9E-D247D9A3AE12}"
EndProject
Project("{9A19103F-16F7-4668-BE54-9A1E7A4F7556}") = "Prep4", "csharp-prep\Prep4\Prep4.csproj", "{889065AB-91B1-4365-939A-3E5D56C870DD}"
EndProject
Project("{9A19103F-16F7-4668-BE54-9A1E7A4F7556}") = "Prep5", "csharp-prep\Prep5\Prep5.csproj", "{CAC8DB98-1D00-481C-86A5-B9AF9F6B15A7}"
EndProject
Project("{2150E333-8FDC-42A3-9474-1A3956D46DE8}") = "foundation", "foundation", "{14EED869-3434-4AF2-8A87-9F54F6311675}"
EndProject
Project("{9A19103F-16F7-4668-BE54-9A1E7A4F7556}") = "Foundation1", "foundation\Foundation1\Foundation1.csproj", "{8ED730A7-4013-4357-A679-D42F8ACCB958}"
EndProject
Project("{9A19103F-16F7-4668-BE54-9A1E7A4F7556}") = "Foundation2", "foundation\Foundation2\Foundation2.csproj", "{905E24D5-3A94-45A7-A1FC-DE7DE6AE18ED}"
EndProject
Project("{9A19103F-16F7-4668-BE54-9A1E7A4F7556}") = "Foundation3", "foundation\Foundation3\Foundation3.csproj", "{B3C6F1C2-B27F-4017-9876-D7BA47E4EC99}"
EndProject
Project("{2150E333-8FDC-42A3-9474-1A3956D46DE8}") = "prepare", "prepare", "{DDD30EC8-CFB2-4DC0-BC81-18EA9AE086A2}"
EndProject
Project("{9A19103F-16F7-4668-BE54-9A1E7A4F7556}") = "Learning02", "prepare\Learning02\Learning02.csproj", "{61E0862D-1EBD-45A5-AB27-E728626AA38E}"
EndProject
Project("{9A19103F-16F7-4668-BE54-9A1E7A4F7556}") = "Learning03", "prepare\Learning03\Learning03.csproj", "{E60BCE32-9B93-477C-A331-A41801FC5EE4}"
EndProject
Project("{9A19103F-16F7-4668-BE54-9A1E7A4F7556}") = "Learning05", "prepare\Learning05\Learning05.csproj", "{A28D44D1-3627-42B3-BEA9-F1299AB8E56E}"
EndProject
Project("{9A19103F-16F7-4668-BE54-9A1E7A4F7556}") = "Learning06", "prepare\Learning06\Learning06.csproj", "{56588267-5D9C-4D4D-ADE7-8C97D9BBC462}"
EndProject
Project("{2150E333-8FDC-42A3-9474-1A3956D46DE8}") = "prove", "prove", "{0CF4B7F1-9E83-421F-A9C4-46EBA7178963}"
EndProject
Project("{9A19103F-16F7-4668-BE54-9A1E7A4F7556}") = "Develop02", "prove\Develop02\Develop02.csproj", "{5C6D665E-8FCD-415A-A0C2-8D1746D05785}"
EndProject
Project("{9A19103F-16F7-4668-BE54-9A1E7A4F7556}") = "Develop03", "prove\Develop03\Develop03.csproj", "{CCE54D80-9681-42A6-90A1-9A800657A121}"
EndProject
Project("{9A19103F-16F7-4668-BE54-9A1E7A4F7556}") = "Develop05", "prove\Develop05\Develop05.csproj", "{FCC0F501-6F28-4814-AAC5-AF4A07001412}"
EndProject
Project("{9A19103F-16F7-4668-BE54-9A1E7A4F7556}") = "Develop06", "prove\Develop06\Develop06.csproj", "{7B2499A6-DCD7-4A70-B04E-32430691C9C6}"
EndProject
Project("{2150E333-8FDC-42A3-9474-1A3956D46DE8}") = "sandbox", "sandbox", "{3BADF55A-D549-452F-A250-1315744E8C5D}"
EndProject
Project("{9A19103F-16F7-4668-BE54-9A1E7A4F7556}") = "Sandbox", "sandbox\Sandbox\Sandbox.csproj", "{3D4BC355-9279-49DC-9B84-56837031564C}"
EndProject
Global
	GlobalSection(SolutionConfigurationPlatforms) = preSolution
		Debug|Any CPU = Debug|Any CPU
		Release|Any CPU = Release|Any CPU
	EndGlobalSection
	GlobalSection(ProjectConfigurationPlatforms) = postSolution
		{6E99C467-225C-44B3-8895-F12A96C2D354}.Debug|Any CPU.ActiveCfg = Debug|Any CPU
		{6E99C467-225C-44B3-8895-F12A96C2D354}.Debug|Any CPU.Build.0 = Debug|Any CPU
		{6E99C467-225C-44B3-8895-F12A96C2D354}.Release|Any CPU.ActiveCfg = Release|Any CPU
		{6E99C467-225C-44B3-8895-F12A96C2D354}.Release|Any CPU.Build.0 = Release|Any CPU
		{56ABABA0-C576-47C7-BFB9-2BA322524F6D}.Debug|Any CPU.ActiveCfg = Debug|Any CPU
		{56ABABA0-C576-47C7-BFB9-2BA322524F6D}.Debug|Any CPU.Build.0 = Debug|Any CPU
		{56ABABA0-C576-47C7-BFB9-2BA322524F6D}.Release|Any CPU.ActiveCfg = Release|Any CPU
		{56ABABA0-C576-47C7-BFB9-2BA322524F6D}.Release|Any CPU.Build.0 = Release|Any CPU
		{C3CA6078-82B4-448D-AC9E-D247D9A3AE12}.Debug|Any CPU.ActiveCfg = Debug|Any CPU
		{C3CA6078-82B4-448D-AC9E-D247D9A3AE12}.Debug|Any CPU.Build.0 = Debug|Any CPU
		{C3CA6078-82B4-448D-AC9E-D247D9A3AE12}.Release|Any CPU.ActiveCfg = Release|Any CPU
		{C3CA6078-82B4-448D-AC9E-D247D9A3AE12}.Release|Any CPU.Build.0 = Release|Any CPU
		{889065AB-91B1-4365-939A-3E5D56C870DD}.Debug|Any CPU.ActiveCfg = Debug|Any CPU
		{889065AB-91B1-4365-939A-3E5D56C870DD}.Debug|Any CPU.Build.0 = Debug|Any CPU
		{889065AB-91B1-4365-939A-3E5D56C870DD}.Release|Any CPU.ActiveCfg = Release|Any CPU
		{889065AB-91B1-4365-939A-3E5D56C870DD}.Release|Any CPU.Build.0 = Release|Any CPU
		{CAC8DB98-1D00-481C-86A5-B9AF9F6B15A7}.Debug|Any CPU.ActiveCfg = Debug|Any CPU
		{CAC8DB98-1D00-481C-86A5-B9AF9F6B15A7}.Debug|Any CPU.Build.0 = Debug|Any CPU
		{CAC8DB98-1D00-481C-86A5-B9AF9F6B15A7}.Release|Any CPU.ActiveCfg = Release|Any CPU
		{CAC8DB98-1D00-481C-86A5-B9AF9F6B15A7}.Release|Any CPU.Build.0 = Release|Any CPU
		{8ED730A7-4013-4357-A679-D42F8ACCB958}.Debug|Any CPU.ActiveCfg = Debug|Any CPU
		{8ED730A7-4013-4357-A679-D42F8ACCB958}.Debug|Any CPU.Build.0 = Debug|Any CPU
		{8ED730A7-4013-4357-A679-D42F8ACCB958}.Release|Any CPU.ActiveCfg = Release|Any CPU
		{8ED730A7-4013-4357-A679-D42F8ACCB958}.Release|Any CPU.Build.0 = Release|Any CPU
		{905E24D5-3A94-45A7-A1FC-DE7DE6AE18ED}.Debug|Any CPU.ActiveCfg = Debug|Any CPU
		{905E24D5-3A94-45A7-A1FC-DE7DE6AE18ED}.Debug|Any CPU.Build.0 = Debug|Any CPU
		{905E24D5-3A94-45A7-A1FC-DE7DE6AE18ED}.Release|Any CPU.ActiveCfg = Release|Any CPU
		{905E24D5-3A94-45A7-A1FC-DE7DE6AE18ED}.Release|Any CPU.Build.0 = Release|Any CPU
		{B3C6F1C2-B27F-4017-9876-D7BA47E4EC99}.Debug|Any CPU.ActiveCfg = Debug|Any CPU
		{B3C6F1C2-B27F-4017-9876-D7BA47E4EC99}.Debug|Any CPU.Build.0 = Debug|Any CPU
		{B3C6F1C2-B27F-4017-9876-D7BA47E4EC99}.Release|Any CPU.ActiveCfg = Release|Any CPU
		{B3C6F1C2-B27F-4017-9876-D7BA47E4EC99}.Release|Any CPU.Build.0 = Release|Any CPU
		{61E0862D-1EBD-45A5-AB27-E728626AA38E}.Debug|Any CPU.ActiveCfg = Debug|Any CPU
		{61E0862D-1EBD-45A5-AB27-E728626AA38E}.Debug|Any CPU.Build.0 = Debug|Any CPU
		{61E0862D-1EBD-45A5-AB27-E728626AA38E}.Release|Any CPU.ActiveCfg = Release|Any CPU
		{61E0862D-1EBD-45A5-AB27-E728626AA38E}.Release|Any CPU.Build.0 = Release|Any CPU
		{E60BCE32-9B93-477C-A331-A41801FC5EE4}.Debug|Any CPU.ActiveCfg = Debug|Any CPU
		{E60BCE32-9B93-477C-A331-A41801FC5EE4}.Debug|Any CPU.Build.0 = Debug|Any CPU
		{E60BCE32-9B93-477C-A331-A41801FC5EE4}.Release|Any CPU.ActiveCfg = Release|Any CPU
		{E60BCE32-9B93-477C-A331-A41801FC5EE4}.Release|Any CPU.Build.0 = Release|Any CPU
		{A28D44D1-3627-42B3-BEA9-F1299AB8E56E}.Debug|Any CPU.ActiveCfg = Debug|Any CPU
		{A28D44D1-3627-42B3-BEA9-F1299AB8E56E}.Debug|Any CPU.Build.0 = Debug|Any CPU
		{A28D44D1-3627-42B3-BEA9-F1299AB8E56E}.Release|Any CPU.ActiveCfg = Release|Any CPU
		{A28D44D1-3627-42B3-BEA9-F1299AB8E56E}.Release|Any CPU.Build.0 = Release|Any CPU
		{56588267-5D9C-4D4D-ADE7-8C97D9BBC462}.Debug|Any CPU.ActiveCfg = Debug|Any CPU
		{56588267-5D9C-4D4D-ADE7-8C97D9BBC462}.Debug|Any CPU.Build.0 = Debug|Any CPU
		{56588267-5D9C-4D4D-ADE7-8C97D9BBC462}.Release|Any CPU.ActiveCfg = Release|Any CPU
		{56588267-5D9C-4D4D-ADE7-8C97D9BBC462}.Release|Any CPU.Build.0 = Release|Any CPU
		{5C6D665E-8FCD-415A-A0C2-8D1746D05785}.Debug|Any CPU.ActiveCfg = Debug|Any CPU
		{5C6D665E-8FCD-415A-A0C2-8D1746D05785}.Debug|Any CPU.Build.0 = Debug|Any CPU
		{5C6D665E-8FCD-415A-A0C2-8D1746D05785}.Release|Any CPU.ActiveCfg = Release|Any CPU
		{5C6D665E-8FCD-415A-A0C2-8D1746D05785}.Release|Any CPU.Build.0 = Release|Any CPU
		{CCE54D80-9681-42A6-90A1-9A800657A121}.Debug|Any CPU.ActiveCfg = Debug|Any CPU
		{CCE54D80-9681-42A6-90A1-9A800657A121}.Debug|Any CPU.Build.0 = Debug|Any CPU
		{CCE54D80-9681-42A6-90A1-9A800657A121}.Release|Any CPU.ActiveCfg = Release|Any CPU
		{CCE54D80-9681-42A6-90A1-9A800657A121}.Release|Any CPU.Build.0 = Release|Any CPU
		{FCC0F501-6F28-4814-AAC5-AF4A07001412}.Debug|Any CPU.ActiveCfg = Debug|Any CPU
		{FCC0F501-6F28-4814-AAC5-AF4A07001412}.Debug|Any CPU.Build.0 = Debug|Any CPU
		{FCC0F501-6F28-4814-AAC5-AF4A07001412}.Release|Any CPU.ActiveCfg = Release|Any CPU
		{FCC0F501-6F28-4814-AAC5-AF4A07001412}.Release|Any CPU.Build.0 = Release|Any CPU
		{7B2499A6-DCD7-4A70-B04E-32430691C9C6}.Debug|Any CPU.ActiveCfg = Debug|Any CPU
		{7B2499A6-DCD7-4A70-B04E-32430691C9C6}.Debug|Any CPU.Build.0 = Debug|Any CPU
		{7B2499A6-DCD7-4A70-B04E-32430691C9C6}.Release|Any CPU.ActiveCfg = Release|Any CPU
		{7B2499A6-DCD7-4A70-B04E-32430691C9C6}.Release|Any CPU.Build.0 = Release|Any CPU
		{3D4BC355-9279-49DC-9B84-56837031564C}.Debug|Any CPU.ActiveCfg = Debug|Any CPU
		{3D4BC355-9279-49DC-9B84-56837031564C}.Debug|Any CPU.Build.0 = Debug|Any CPU
		{3D4BC355-9279-49DC-9B84-56837031564C}.Release|Any CPU.ActiveCfg = Release|Any CPU
		{3D4BC355-9279-49DC-9B84-56837031564C}.Release|Any CPU.Build.0 = Release|Any CPU
	EndGlobalSection
	GlobalSection(SolutionProperties) = preSolution
		HideSolutionNode = FALSE
	EndGlobalSection
	GlobalSection(NestedProjects) = preSolution
		{6E99C467-225C-44B3-8895-F12A96C2D354} = {8850C61E-FEEB-4F16-A676-4F14C333CF22}
		{56ABABA0-C576-47C7-BFB9-2BA322524F6D} = {8850C61E-FEEB-4F16-A676-4F14C333CF22}
		{C3CA6078-82B4-448D-AC9E-D247D9A3AE12} = {8850C61E-FEEB-4F16-A676-4F14C333CF22}
		{889065AB-91B1-4365-939A-3E5D56C870DD} = {8850C61E-FEEB-4F16-A676-4F14C333CF22}
		{CAC8DB98-1D00-481C-86A5-B9AF9F6B15A7} = {8850C61E-FEEB-4F16-A676-4F14C333CF22}
		{8ED730A7-4013-4357-A679-D42F8ACCB958} = {14EED869-3434-4AF2-8A87-9F54F6311675}
		{905E24D5-3A94-45A7-A1FC-DE7DE6AE18ED} = {14EED869-3434-4AF2-8A87-9F54F6311675}
		{B3C6F1C2-B27F-4017-9876-D7BA47E4EC99} = {14EED869-3434-4AF2-8A87-9F54F6311675}
		{61E0862D-1EBD-45A5-AB27-E728626AA38E} = {DDD30EC8-CFB2-4DC0-BC81-18EA9AE086A2}
		{E60BCE32-9B93-477C-A331-A41801FC5EE4} = {DDD30EC8-CFB2-4DC0-BC81-18EA9AE086A2}
		{A28D44D1-3627-42B3-BEA9-F1299AB8E56E} = {DDD30EC8-CFB2-4DC0-BC81-18EA9AE086A2}
		{56588267-5D9C-4D4D-ADE7-8C97D9BBC462} = {DDD30EC8-CFB2-4DC0-BC81-18EA9AE086A2}
		{5C6D665E-8FCD-415A-A0C2-8D1746D05785} = {0CF4B7F1-9E83-421F-A9C4-46EBA7178963}
		{CCE54D80-9681-42A6-90A1-9A800657A121} = {0CF4B7F1-9E83-421F-A9C4-46EBA7178963}
		{FCC0F501-6F28-4814-AAC5-AF4A07001412} = {0CF4B7F1-9E83-421F-A9C4-46EBA7178963}
		{7B2499A6-DCD7-4A70-B04E-32430691C9C6} = {0CF4B7F1-9E83-421F-A9C4-46EBA7178963}
		{3D4BC355-9279-49DC-9B84-56837031564C} = {3BADF55A-D549-452F-A250-1315744E8C5D}
	EndGlobalSection
	GlobalSection(ExtensibilityGlobals) = postSolution
		SolutionGuid = {E7B3E3BA-EB82-4937-86D8-F1B6B8A5E4CA}
	EndGlobalSection
EndGlobal
